
Microsoft Visual Studio Solution File, Format Version 11.00
# Visual Studio 2010
Project("{FAE04EC0-301F-11D3-BF4B-00C04F79EFBC}") = "Model_OnOff", "Assembly-CSharp.csproj", "{7F31DE17-3883-65C3-CE25-BD7D221D9649}"
EndProject
Project("{FAE04EC0-301F-11D3-BF4B-00C04F79EFBC}") = "Model_OnOff", "Assembly-CSharp-Editor.csproj", "{2C879E06-68A6-6304-0DB7-DE0EB22AAB28}"
EndProject
Global
	GlobalSection(SolutionConfigurationPlatforms) = preSolution
		Debug|Any CPU = Debug|Any CPU
		Release|Any CPU = Release|Any CPU
	EndGlobalSection
	GlobalSection(ProjectConfigurationPlatforms) = postSolution
		{7F31DE17-3883-65C3-CE25-BD7D221D9649}.Debug|Any CPU.ActiveCfg = Debug|Any CPU
		{7F31DE17-3883-65C3-CE25-BD7D221D9649}.Debug|Any CPU.Build.0 = Debug|Any CPU
		{7F31DE17-3883-65C3-CE25-BD7D221D9649}.Release|Any CPU.ActiveCfg = Release|Any CPU
		{7F31DE17-3883-65C3-CE25-BD7D221D9649}.Release|Any CPU.Build.0 = Release|Any CPU
		{2C879E06-68A6-6304-0DB7-DE0EB22AAB28}.Debug|Any CPU.ActiveCfg = Debug|Any CPU
		{2C879E06-68A6-6304-0DB7-DE0EB22AAB28}.Debug|Any CPU.Build.0 = Debug|Any CPU
		{2C879E06-68A6-6304-0DB7-DE0EB22AAB28}.Release|Any CPU.ActiveCfg = Release|Any CPU
		{2C879E06-68A6-6304-0DB7-DE0EB22AAB28}.Release|Any CPU.Build.0 = Release|Any CPU
	EndGlobalSection
	GlobalSection(SolutionProperties) = preSolution
		HideSolutionNode = FALSE
	EndGlobalSection
	GlobalSection(MonoDevelopProperties) = preSolution
		StartupItem = Assembly-CSharp.csproj
	EndGlobalSection
EndGlobal
